
Microsoft Visual Studio Solution File, Format Version 12.00
# Visual Studio Version 16
VisualStudioVersion = 16.0.30907.101
MinimumVisualStudioVersion = 10.0.40219.1
Project("{FAE04EC0-301F-11D3-BF4B-00C04F79EFBC}") = "FlintSoft.Extensions", "FlintSoft.Extensions\FlintSoft.Extensions.csproj", "{8F150540-7946-4111-A8A1-42ADE0A159CD}"
EndProject
Global
	GlobalSection(SolutionConfigurationPlatforms) = preSolution
		Debug|Any CPU = Debug|Any CPU
		Release|Any CPU = Release|Any CPU
	EndGlobalSection
	GlobalSection(ProjectConfigurationPlatforms) = postSolution
		{8F150540-7946-4111-A8A1-42ADE0A159CD}.Debug|Any CPU.ActiveCfg = Debug|Any CPU
		{8F150540-7946-4111-A8A1-42ADE0A159CD}.Debug|Any CPU.Build.0 = Debug|Any CPU
		{8F150540-7946-4111-A8A1-42ADE0A159CD}.Release|Any CPU.ActiveCfg = Release|Any CPU
		{8F150540-7946-4111-A8A1-42ADE0A159CD}.Release|Any CPU.Build.0 = Release|Any CPU
	EndGlobalSection
	GlobalSection(SolutionProperties) = preSolution
		HideSolutionNode = FALSE
	EndGlobalSection
	GlobalSection(ExtensibilityGlobals) = postSolution
		SolutionGuid = {B42FE666-9BEC-4E2E-9A9C-B52089F870C8}
	EndGlobalSection
EndGlobal
